// !$*UTF8*$!
{
	archiveVersion = 1;
	classes = {
	};
	objectVersion = 50;
	objects = {

/* Begin PBXBuildFile section */
		60CB4118237A45E8007DFEDF /* AppDelegate.swift in Sources */ = {isa = PBXBuildFile; fileRef = 60CB4117237A45E8007DFEDF /* AppDelegate.swift */; };
		60CB411A237A45E8007DFEDF /* ViewController.swift in Sources */ = {isa = PBXBuildFile; fileRef = 60CB4119237A45E8007DFEDF /* ViewController.swift */; };
		60CB411D237A45E8007DFEDF /* Main.storyboard in Resources */ = {isa = PBXBuildFile; fileRef = 60CB411B237A45E8007DFEDF /* Main.storyboard */; };
		60CB411F237A45E9007DFEDF /* Assets.xcassets in Resources */ = {isa = PBXBuildFile; fileRef = 60CB411E237A45E9007DFEDF /* Assets.xcassets */; };
		60CB4122237A45E9007DFEDF /* LaunchScreen.storyboard in Resources */ = {isa = PBXBuildFile; fileRef = 60CB4120237A45E9007DFEDF /* LaunchScreen.storyboard */; };
		60CB412A237A467E007DFEDF /* AppData.swift in Sources */ = {isa = PBXBuildFile; fileRef = 60CB4129237A467E007DFEDF /* AppData.swift */; };
		7BF353CE3FB94BEED639B184 /* Pods_InClass08.framework in Frameworks */ = {isa = PBXBuildFile; fileRef = 1CD3A7D3B7EABB62C90A5FBD /* Pods_InClass08.framework */; };
/* End PBXBuildFile section */

/* Begin PBXFileReference section */
		023FE965F7C26FB20D70B5EE /* Pods-InClass08.debug.xcconfig */ = {isa = PBXFileReference; includeInIndex = 1; lastKnownFileType = text.xcconfig; name = "Pods-InClass08.debug.xcconfig"; path = "Target Support Files/Pods-InClass08/Pods-InClass08.debug.xcconfig"; sourceTree = "<group>"; };
		180EE591C14F6A22E180AB50 /* Pods-InClass08.release.xcconfig */ = {isa = PBXFileReference; includeInIndex = 1; lastKnownFileType = text.xcconfig; name = "Pods-InClass08.release.xcconfig"; path = "Target Support Files/Pods-InClass08/Pods-InClass08.release.xcconfig"; sourceTree = "<group>"; };
		1CD3A7D3B7EABB62C90A5FBD /* Pods_InClass08.framework */ = {isa = PBXFileReference; explicitFileType = wrapper.framework; includeInIndex = 0; path = Pods_InClass08.framework; sourceTree = BUILT_PRODUCTS_DIR; };
		60CB4114237A45E8007DFEDF /* InClass08.app */ = {isa = PBXFileReference; explicitFileType = wrapper.application; includeInIndex = 0; path = InClass08.app; sourceTree = BUILT_PRODUCTS_DIR; };
		60CB4117237A45E8007DFEDF /* AppDelegate.swift */ = {isa = PBXFileReference; lastKnownFileType = sourcecode.swift; path = AppDelegate.swift; sourceTree = "<group>"; };
		60CB4119237A45E8007DFEDF /* ViewController.swift */ = {isa = PBXFileReference; lastKnownFileType = sourcecode.swift; path = ViewController.swift; sourceTree = "<group>"; };
		60CB411C237A45E8007DFEDF /* Base */ = {isa = PBXFileReference; lastKnownFileType = file.storyboard; name = Base; path = Base.lproj/Main.storyboard; sourceTree = "<group>"; };
		60CB411E237A45E9007DFEDF /* Assets.xcassets */ = {isa = PBXFileReference; lastKnownFileType = folder.assetcatalog; path = Assets.xcassets; sourceTree = "<group>"; };
		60CB4121237A45E9007DFEDF /* Base */ = {isa = PBXFileReference; lastKnownFileType = file.storyboard; name = Base; path = Base.lproj/LaunchScreen.storyboard; sourceTree = "<group>"; };
		60CB4123237A45E9007DFEDF /* Info.plist */ = {isa = PBXFileReference; lastKnownFileType = text.plist.xml; path = Info.plist; sourceTree = "<group>"; };
		60CB4129237A467E007DFEDF /* AppData.swift */ = {isa = PBXFileReference; fileEncoding = 4; lastKnownFileType = sourcecode.swift; path = AppData.swift; sourceTree = "<group>"; };
/* End PBXFileReference section */

/* Begin PBXFrameworksBuildPhase section */
		60CB4111237A45E8007DFEDF /* Frameworks */ = {
			isa = PBXFrameworksBuildPhase;
			buildActionMask = 2147483647;
			files = (
				7BF353CE3FB94BEED639B184 /* Pods_InClass08.framework in Frameworks */,
			);
			runOnlyForDeploymentPostprocessing = 0;
		};
/* End PBXFrameworksBuildPhase section */

/* Begin PBXGroup section */
		3027F52E51D30F0AE1297F72 /* Pods */ = {
			isa = PBXGroup;
			children = (
				023FE965F7C26FB20D70B5EE /* Pods-InClass08.debug.xcconfig */,
				180EE591C14F6A22E180AB50 /* Pods-InClass08.release.xcconfig */,
			);
			path = Pods;
			sourceTree = "<group>";
		};
		60CB410B237A45E8007DFEDF = {
			isa = PBXGroup;
			children = (
				60CB4116237A45E8007DFEDF /* InClass08 */,
				60CB4115237A45E8007DFEDF /* Products */,
				3027F52E51D30F0AE1297F72 /* Pods */,
				CA2A49DD0F90BFBF565D037A /* Frameworks */,
			);
			sourceTree = "<group>";
		};
		60CB4115237A45E8007DFEDF /* Products */ = {
			isa = PBXGroup;
			children = (
				60CB4114237A45E8007DFEDF /* InClass08.app */,
			);
			name = Products;
			sourceTree = "<group>";
		};
		60CB4116237A45E8007DFEDF /* InClass08 */ = {
			isa = PBXGroup;
			children = (
				60CB4129237A467E007DFEDF /* AppData.swift */,
				60CB4117237A45E8007DFEDF /* AppDelegate.swift */,
				60CB4119237A45E8007DFEDF /* ViewController.swift */,
				60CB411B237A45E8007DFEDF /* Main.storyboard */,
				60CB411E237A45E9007DFEDF /* Assets.xcassets */,
				60CB4120237A45E9007DFEDF /* LaunchScreen.storyboard */,
				60CB4123237A45E9007DFEDF /* Info.plist */,
			);
			path = InClass08;
			sourceTree = "<group>";
		};
		CA2A49DD0F90BFBF565D037A /* Frameworks */ = {
			isa = PBXGroup;
			children = (
				1CD3A7D3B7EABB62C90A5FBD /* Pods_InClass08.framework */,
			);
			name = Frameworks;
			sourceTree = "<group>";
		};
/* End PBXGroup section */

/* Begin PBXNativeTarget section */
		60CB4113237A45E8007DFEDF /* InClass08 */ = {
			isa = PBXNativeTarget;
			buildConfigurationList = 60CB4126237A45E9007DFEDF /* Build configuration list for PBXNativeTarget "InClass08" */;
			buildPhases = (
				EFFFB971410F8AF304305159 /* [CP] Check Pods Manifest.lock */,
				60CB4110237A45E8007DFEDF /* Sources */,
				60CB4111237A45E8007DFEDF /* Frameworks */,
				60CB4112237A45E8007DFEDF /* Resources */,
				246CF22BC95805BED47F177A /* [CP] Embed Pods Frameworks */,
			);
			buildRules = (
			);
			dependencies = (
			);
			name = InClass08;
			productName = InClass08;
			productReference = 60CB4114237A45E8007DFEDF /* InClass08.app */;
			productType = "com.apple.product-type.application";
		};
/* End PBXNativeTarget section */

/* Begin PBXProject section */
		60CB410C237A45E8007DFEDF /* Project object */ = {
			isa = PBXProject;
			attributes = {
				LastSwiftUpdateCheck = 1030;
				LastUpgradeCheck = 1030;
				ORGANIZATIONNAME = UNCC;
				TargetAttributes = {
					60CB4113237A45E8007DFEDF = {
						CreatedOnToolsVersion = 10.3;
					};
				};
			};
			buildConfigurationList = 60CB410F237A45E8007DFEDF /* Build configuration list for PBXProject "InClass08" */;
			compatibilityVersion = "Xcode 9.3";
			developmentRegion = en;
			hasScannedForEncodings = 0;
			knownRegions = (
				en,
				Base,
			);
			mainGroup = 60CB410B237A45E8007DFEDF;
			productRefGroup = 60CB4115237A45E8007DFEDF /* Products */;
			projectDirPath = "";
			projectRoot = "";
			targets = (
				60CB4113237A45E8007DFEDF /* InClass08 */,
			);
		};
/* End PBXProject section */

/* Begin PBXResourcesBuildPhase section */
		60CB4112237A45E8007DFEDF /* Resources */ = {
			isa = PBXResourcesBuildPhase;
			buildActionMask = 2147483647;
			files = (
				60CB4122237A45E9007DFEDF /* LaunchScreen.storyboard in Resources */,
				60CB411F237A45E9007DFEDF /* Assets.xcassets in Resources */,
				60CB411D237A45E8007DFEDF /* Main.storyboard in Resources */,
			);
			runOnlyForDeploymentPostprocessing = 0;
		};
/* End PBXResourcesBuildPhase section */

/* Begin PBXShellScriptBuildPhase section */
		246CF22BC95805BED47F177A /* [CP] Embed Pods Frameworks */ = {
			isa = PBXShellScriptBuildPhase;
			buildActionMask = 2147483647;
			files = (
			);
			inputFileListPaths = (
			);
			inputPaths = (
				"${PODS_ROOT}/Target Support Files/Pods-InClass08/Pods-InClass08-frameworks.sh",
				"${BUILT_PRODUCTS_DIR}/Alamofire/Alamofire.framework",
				"${BUILT_PRODUCTS_DIR}/AlamofireImage/AlamofireImage.framework",
				"${BUILT_PRODUCTS_DIR}/SwiftyJSON/SwiftyJSON.framework",
			);
			name = "[CP] Embed Pods Frameworks";
			outputFileListPaths = (
			);
			outputPaths = (
				"${TARGET_BUILD_DIR}/${FRAMEWORKS_FOLDER_PATH}/Alamofire.framework",
				"${TARGET_BUILD_DIR}/${FRAMEWORKS_FOLDER_PATH}/AlamofireImage.framework",
				"${TARGET_BUILD_DIR}/${FRAMEWORKS_FOLDER_PATH}/SwiftyJSON.framework",
			);
			runOnlyForDeploymentPostprocessing = 0;
			shellPath = /bin/sh;
			shellScript = "\"${PODS_ROOT}/Target Support Files/Pods-InClass08/Pods-InClass08-frameworks.sh\"\n";
			showEnvVarsInLog = 0;
		};
		EFFFB971410F8AF304305159 /* [CP] Check Pods Manifest.lock */ = {
			isa = PBXShellScriptBuildPhase;
			buildActionMask = 2147483647;
			files = (
			);
			inputFileListPaths = (
			);
			inputPaths = (
				"${PODS_PODFILE_DIR_PATH}/Podfile.lock",
				"${PODS_ROOT}/Manifest.lock",
			);
			name = "[CP] Check Pods Manifest.lock";
			outputFileListPaths = (
			);
			outputPaths = (
				"$(DERIVED_FILE_DIR)/Pods-InClass08-checkManifestLockResult.txt",
			);
			runOnlyForDeploymentPostprocessing = 0;
			shellPath = /bin/sh;
			shellScript = "diff \"${PODS_PODFILE_DIR_PATH}/Podfile.lock\" \"${PODS_ROOT}/Manifest.lock\" > /dev/null\nif [ $? != 0 ] ; then\n    # print error to STDERR\n    echo \"error: The sandbox is not in sync with the Podfile.lock. Run 'pod install' or update your CocoaPods installation.\" >&2\n    exit 1\nfi\n# This output is used by Xcode 'outputs' to avoid re-running this script phase.\necho \"SUCCESS\" > \"${SCRIPT_OUTPUT_FILE_0}\"\n";
			showEnvVarsInLog = 0;
		};
/* End PBXShellScriptBuildPhase section */

/* Begin PBXSourcesBuildPhase section */
		60CB4110237A45E8007DFEDF /* Sources */ = {
			isa = PBXSourcesBuildPhase;
			buildActionMask = 2147483647;
			files = (
				60CB411A237A45E8007DFEDF /* ViewController.swift in Sources */,
				60CB4118237A45E8007DFEDF /* AppDelegate.swift in Sources */,
				60CB412A237A467E007DFEDF /* AppData.swift in Sources */,
			);
			runOnlyForDeploymentPostprocessing = 0;
		};
/* End PBXSourcesBuildPhase section */

/* Begin PBXVariantGroup section */
		60CB411B237A45E8007DFEDF /* Main.storyboard */ = {
			isa = PBXVariantGroup;
			children = (
				60CB411C237A45E8007DFEDF /* Base */,
			);
			name = Main.storyboard;
			sourceTree = "<group>";
		};
		60CB4120237A45E9007DFEDF /* LaunchScreen.storyboard */ = {
			isa = PBXVariantGroup;
			children = (
				60CB4121237A45E9007DFEDF /* Base */,
			);
			name = LaunchScreen.storyboard;
			sourceTree = "<group>";
		};
/* End PBXVariantGroup section */

/* Begin XCBuildConfiguration section */
		60CB4124237A45E9007DFEDF /* Debug */ = {
			isa = XCBuildConfiguration;
			buildSettings = {
				ALWAYS_SEARCH_USER_PATHS = NO;
				CLANG_ANALYZER_NONNULL = YES;
				CLANG_ANALYZER_NUMBER_OBJECT_CONVERSION = YES_AGGRESSIVE;
				CLANG_CXX_LANGUAGE_STANDARD = "gnu++14";
				CLANG_CXX_LIBRARY = "libc++";
				CLANG_ENABLE_MODULES = YES;
				CLANG_ENABLE_OBJC_ARC = YES;
				CLANG_ENABLE_OBJC_WEAK = YES;
				CLANG_WARN_BLOCK_CAPTURE_AUTORELEASING = YES;
				CLANG_WARN_BOOL_CONVERSION = YES;
				CLANG_WARN_COMMA = YES;
				CLANG_WARN_CONSTANT_CONVERSION = YES;
				CLANG_WARN_DEPRECATED_OBJC_IMPLEMENTATIONS = YES;
				CLANG_WARN_DIRECT_OBJC_ISA_USAGE = YES_ERROR;
				CLANG_WARN_DOCUMENTATION_COMMENTS = YES;
				CLANG_WARN_EMPTY_BODY = YES;
				CLANG_WARN_ENUM_CONVERSION = YES;
				CLANG_WARN_INFINITE_RECURSION = YES;
				CLANG_WARN_INT_CONVERSION = YES;
				CLANG_WARN_NON_LITERAL_NULL_CONVERSION = YES;
				CLANG_WARN_OBJC_IMPLICIT_RETAIN_SELF = YES;
				CLANG_WARN_OBJC_LITERAL_CONVERSION = YES;
				CLANG_WARN_OBJC_ROOT_CLASS = YES_ERROR;
				CLANG_WARN_RANGE_LOOP_ANALYSIS = YES;
				CLANG_WARN_STRICT_PROTOTYPES = YES;
				CLANG_WARN_SUSPICIOUS_MOVE = YES;
				CLANG_WARN_UNGUARDED_AVAILABILITY = YES_AGGRESSIVE;
				CLANG_WARN_UNREACHABLE_CODE = YES;
				CLANG_WARN__DUPLICATE_METHOD_MATCH = YES;
				CODE_SIGN_IDENTITY = "iPhone Developer";
				COPY_PHASE_STRIP = NO;
				DEBUG_INFORMATION_FORMAT = dwarf;
				ENABLE_STRICT_OBJC_MSGSEND = YES;
				ENABLE_TESTABILITY = YES;
				GCC_C_LANGUAGE_STANDARD = gnu11;
				GCC_DYNAMIC_NO_PIC = NO;
				GCC_NO_COMMON_BLOCKS = YES;
				GCC_OPTIMIZATION_LEVEL = 0;
				GCC_PREPROCESSOR_DEFINITIONS = (
					"DEBUG=1",
					"$(inherited)",
				);
				GCC_WARN_64_TO_32_BIT_CONVERSION = YES;
				GCC_WARN_ABOUT_RETURN_TYPE = YES_ERROR;
				GCC_WARN_UNDECLARED_SELECTOR = YES;
				GCC_WARN_UNINITIALIZED_AUTOS = YES_AGGRESSIVE;
				GCC_WARN_UNUSED_FUNCTION = YES;
				GCC_WARN_UNUSED_VARIABLE = YES;
				IPHONEOS_DEPLOYMENT_TARGET = 12.4;
				MTL_ENABLE_DEBUG_INFO = INCLUDE_SOURCE;
				MTL_FAST_MATH = YES;
				ONLY_ACTIVE_ARCH = YES;
				SDKROOT = iphoneos;
				SWIFT_ACTIVE_COMPILATION_CONDITIONS = DEBUG;
				SWIFT_OPTIMIZATION_LEVEL = "-Onone";
			};
			name = Debug;
		};
		60CB4125237A45E9007DFEDF /* Release */ = {
			isa = XCBuildConfiguration;
			buildSettings = {
				ALWAYS_SEARCH_USER_PATHS = NO;
				CLANG_ANALYZER_NONNULL = YES;
				CLANG_ANALYZER_NUMBER_OBJECT_CONVERSION = YES_AGGRESSIVE;
				CLANG_CXX_LANGUAGE_STANDARD = "gnu++14";
				CLANG_CXX_LIBRARY = "libc++";
				CLANG_ENABLE_MODULES = YES;
				CLANG_ENABLE_OBJC_ARC = YES;
				CLANG_ENABLE_OBJC_WEAK = YES;
				CLANG_WARN_BLOCK_CAPTURE_AUTORELEASING = YES;
				CLANG_WARN_BOOL_CONVERSION = YES;
				CLANG_WARN_COMMA = YES;
				CLANG_WARN_CONSTANT_CONVERSION = YES;
				CLANG_WARN_DEPRECATED_OBJC_IMPLEMENTATIONS = YES;
				CLANG_WARN_DIRECT_OBJC_ISA_USAGE = YES_ERROR;
				CLANG_WARN_DOCUMENTATION_COMMENTS = YES;
				CLANG_WARN_EMPTY_BODY = YES;
				CLANG_WARN_ENUM_CONVERSION = YES;
				CLANG_WARN_INFINITE_RECURSION = YES;
				CLANG_WARN_INT_CONVERSION = YES;
				CLANG_WARN_NON_LITERAL_NULL_CONVERSION = YES;
				CLANG_WARN_OBJC_IMPLICIT_RETAIN_SELF = YES;
				CLANG_WARN_OBJC_LITERAL_CONVERSION = YES;
				CLANG_WARN_OBJC_ROOT_CLASS = YES_ERROR;
				CLANG_WARN_RANGE_LOOP_ANALYSIS = YES;
				CLANG_WARN_STRICT_PROTOTYPES = YES;
				CLANG_WARN_SUSPICIOUS_MOVE = YES;
				CLANG_WARN_UNGUARDED_AVAILABILITY = YES_AGGRESSIVE;
				CLANG_WARN_UNREACHABLE_CODE = YES;
				CLANG_WARN__DUPLICATE_METHOD_MATCH = YES;
				CODE_SIGN_IDENTITY = "iPhone Developer";
				COPY_PHASE_STRIP = NO;
				DEBUG_INFORMATION_FORMAT = "dwarf-with-dsym";
				ENABLE_NS_ASSERTIONS = NO;
				ENABLE_STRICT_OBJC_MSGSEND = YES;
				GCC_C_LANGUAGE_STANDARD = gnu11;
				GCC_NO_COMMON_BLOCKS = YES;
				GCC_WARN_64_TO_32_BIT_CONVERSION = YES;
				GCC_WARN_ABOUT_RETURN_TYPE = YES_ERROR;
				GCC_WARN_UNDECLARED_SELECTOR = YES;
				GCC_WARN_UNINITIALIZED_AUTOS = YES_AGGRESSIVE;
				GCC_WARN_UNUSED_FUNCTION = YES;
				GCC_WARN_UNUSED_VARIABLE = YES;
				IPHONEOS_DEPLOYMENT_TARGET = 12.4;
				MTL_ENABLE_DEBUG_INFO = NO;
				MTL_FAST_MATH = YES;
				SDKROOT = iphoneos;
				SWIFT_COMPILATION_MODE = wholemodule;
				SWIFT_OPTIMIZATION_LEVEL = "-O";
				VALIDATE_PRODUCT = YES;
			};
			name = Release;
		};
		60CB4127237A45E9007DFEDF /* Debug */ = {
			isa = XCBuildConfiguration;
			baseConfigurationReference = 023FE965F7C26FB20D70B5EE /* Pods-InClass08.debug.xcconfig */;
			buildSettings = {
				ASSETCATALOG_COMPILER_APPICON_NAME = AppIcon;
				CODE_SIGN_STYLE = Automatic;
				INFOPLIST_FILE = InClass08/Info.plist;
				LD_RUNPATH_SEARCH_PATHS = (
					"$(inherited)",
					"@executable_path/Frameworks",
				);
				PRODUCT_BUNDLE_IDENTIFIER = edu.uncc.InClass08;
				PRODUCT_NAME = "$(TARGET_NAME)";
				SWIFT_VERSION = 5.0;
				TARGETED_DEVICE_FAMILY = "1,2";
			};
			name = Debug;
		};
		60CB4128237A45E9007DFEDF /* Release */ = {
			isa = XCBuildConfiguration;
			baseConfigurationReference = 180EE591C14F6A22E180AB50 /* Pods-InClass08.release.xcconfig */;
			buildSettings = {
				ASSETCATALOG_COMPILER_APPICON_NAME = AppIcon;
				CODE_SIGN_STYLE = Automatic;
				INFOPLIST_FILE = InClass08/Info.plist;
				LD_RUNPATH_SEARCH_PATHS = (
					"$(inherited)",
					"@executable_path/Frameworks",
				);
				PRODUCT_BUNDLE_IDENTIFIER = edu.uncc.InClass08;
				PRODUCT_NAME = "$(TARGET_NAME)";
				SWIFT_VERSION = 5.0;
				TARGETED_DEVICE_FAMILY = "1,2";
			};
			name = Release;
		};
/* End XCBuildConfiguration section */

/* Begin XCConfigurationList section */
		60CB410F237A45E8007DFEDF /* Build configuration list for PBXProject "InClass08" */ = {
			isa = XCConfigurationList;
			buildConfigurations = (
				60CB4124237A45E9007DFEDF /* Debug */,
				60CB4125237A45E9007DFEDF /* Release */,
			);
			defaultConfigurationIsVisible = 0;
			defaultConfigurationName = Release;
		};
		60CB4126237A45E9007DFEDF /* Build configuration list for PBXNativeTarget "InClass08" */ = {
			isa = XCConfigurationList;
			buildConfigurations = (
				60CB4127237A45E9007DFEDF /* Debug */,
				60CB4128237A45E9007DFEDF /* Release */,
			);
			defaultConfigurationIsVisible = 0;
			defaultConfigurationName = Release;
		};
/* End XCConfigurationList section */
	};
	rootObject = 60CB410C237A45E8007DFEDF /* Project object */;
}
